
Microsoft Visual Studio Solution File, Format Version 12.00
Project("{2150E333-8FDC-42A3-9474-1A3956D46DE8}") = "src", "src", "{D38D55E1-1C7B-4E01-B51B-6DE26FFDA5F7}"
EndProject
Project("{FAE04EC0-301F-11D3-BF4B-00C04F79EFBC}") = "CarMk.Core", "src\CarMk.Core\CarMk.Core.csproj", "{CE9DCAFA-D0A9-4D62-92F4-CF3C41CC23E8}"
EndProject
Project("{FAE04EC0-301F-11D3-BF4B-00C04F79EFBC}") = "CarMk.Infra", "src\CarMk.Infra\CarMk.Infra.csproj", "{E7BC1BCB-5D25-4C98-A608-58FA6984DBE0}"
EndProject
Project("{FAE04EC0-301F-11D3-BF4B-00C04F79EFBC}") = "CarMk.Applicattion", "src\CarMk.Applicattion\CarMk.Applicattion.csproj", "{D5C03D92-CC50-49B1-AF5C-77323A7D4E89}"
EndProject
Project("{FAE04EC0-301F-11D3-BF4B-00C04F79EFBC}") = "CarMk.Exceptions", "src\CarMk.Exceptions\CarMk.Exceptions.csproj", "{41DE218D-7A3A-4D52-AA19-F06B781B284A}"
EndProject
Project("{FAE04EC0-301F-11D3-BF4B-00C04F79EFBC}") = "CarMk.Communication", "src\CarMk.Communication\CarMk.Communication.csproj", "{A261107A-B1C5-446B-BE73-907ACAF2DEA9}"
EndProject
Project("{FAE04EC0-301F-11D3-BF4B-00C04F79EFBC}") = "CarMk.Api", "src\CarMk.Api\CarMk.Api.csproj", "{BD24A91F-74D9-4AF8-A763-EB77E5B1AABA}"
EndProject
Global
	GlobalSection(SolutionConfigurationPlatforms) = preSolution
		Debug|Any CPU = Debug|Any CPU
		Release|Any CPU = Release|Any CPU
	EndGlobalSection
	GlobalSection(NestedProjects) = preSolution
		{CE9DCAFA-D0A9-4D62-92F4-CF3C41CC23E8} = {D38D55E1-1C7B-4E01-B51B-6DE26FFDA5F7}
		{E7BC1BCB-5D25-4C98-A608-58FA6984DBE0} = {D38D55E1-1C7B-4E01-B51B-6DE26FFDA5F7}
		{D5C03D92-CC50-49B1-AF5C-77323A7D4E89} = {D38D55E1-1C7B-4E01-B51B-6DE26FFDA5F7}
		{41DE218D-7A3A-4D52-AA19-F06B781B284A} = {D38D55E1-1C7B-4E01-B51B-6DE26FFDA5F7}
		{A261107A-B1C5-446B-BE73-907ACAF2DEA9} = {D38D55E1-1C7B-4E01-B51B-6DE26FFDA5F7}
		{BD24A91F-74D9-4AF8-A763-EB77E5B1AABA} = {D38D55E1-1C7B-4E01-B51B-6DE26FFDA5F7}
	EndGlobalSection
	GlobalSection(ProjectConfigurationPlatforms) = postSolution
		{CE9DCAFA-D0A9-4D62-92F4-CF3C41CC23E8}.Debug|Any CPU.ActiveCfg = Debug|Any CPU
		{CE9DCAFA-D0A9-4D62-92F4-CF3C41CC23E8}.Debug|Any CPU.Build.0 = Debug|Any CPU
		{CE9DCAFA-D0A9-4D62-92F4-CF3C41CC23E8}.Release|Any CPU.ActiveCfg = Release|Any CPU
		{CE9DCAFA-D0A9-4D62-92F4-CF3C41CC23E8}.Release|Any CPU.Build.0 = Release|Any CPU
		{E7BC1BCB-5D25-4C98-A608-58FA6984DBE0}.Debug|Any CPU.ActiveCfg = Debug|Any CPU
		{E7BC1BCB-5D25-4C98-A608-58FA6984DBE0}.Debug|Any CPU.Build.0 = Debug|Any CPU
		{E7BC1BCB-5D25-4C98-A608-58FA6984DBE0}.Release|Any CPU.ActiveCfg = Release|Any CPU
		{E7BC1BCB-5D25-4C98-A608-58FA6984DBE0}.Release|Any CPU.Build.0 = Release|Any CPU
		{D5C03D92-CC50-49B1-AF5C-77323A7D4E89}.Debug|Any CPU.ActiveCfg = Debug|Any CPU
		{D5C03D92-CC50-49B1-AF5C-77323A7D4E89}.Debug|Any CPU.Build.0 = Debug|Any CPU
		{D5C03D92-CC50-49B1-AF5C-77323A7D4E89}.Release|Any CPU.ActiveCfg = Release|Any CPU
		{D5C03D92-CC50-49B1-AF5C-77323A7D4E89}.Release|Any CPU.Build.0 = Release|Any CPU
		{41DE218D-7A3A-4D52-AA19-F06B781B284A}.Debug|Any CPU.ActiveCfg = Debug|Any CPU
		{41DE218D-7A3A-4D52-AA19-F06B781B284A}.Debug|Any CPU.Build.0 = Debug|Any CPU
		{41DE218D-7A3A-4D52-AA19-F06B781B284A}.Release|Any CPU.ActiveCfg = Release|Any CPU
		{41DE218D-7A3A-4D52-AA19-F06B781B284A}.Release|Any CPU.Build.0 = Release|Any CPU
		{A261107A-B1C5-446B-BE73-907ACAF2DEA9}.Debug|Any CPU.ActiveCfg = Debug|Any CPU
		{A261107A-B1C5-446B-BE73-907ACAF2DEA9}.Debug|Any CPU.Build.0 = Debug|Any CPU
		{A261107A-B1C5-446B-BE73-907ACAF2DEA9}.Release|Any CPU.ActiveCfg = Release|Any CPU
		{A261107A-B1C5-446B-BE73-907ACAF2DEA9}.Release|Any CPU.Build.0 = Release|Any CPU
		{BD24A91F-74D9-4AF8-A763-EB77E5B1AABA}.Debug|Any CPU.ActiveCfg = Debug|Any CPU
		{BD24A91F-74D9-4AF8-A763-EB77E5B1AABA}.Debug|Any CPU.Build.0 = Debug|Any CPU
		{BD24A91F-74D9-4AF8-A763-EB77E5B1AABA}.Release|Any CPU.ActiveCfg = Release|Any CPU
		{BD24A91F-74D9-4AF8-A763-EB77E5B1AABA}.Release|Any CPU.Build.0 = Release|Any CPU
	EndGlobalSection
EndGlobal
